
Microsoft Visual Studio Solution File, Format Version 12.00
# Visual Studio Version 17
VisualStudioVersion = 17.4.33205.214
MinimumVisualStudioVersion = 10.0.40219.1
Project("{2150E333-8FDC-42A3-9474-1A3956D46DE8}") = "src", "src", "{8ED3E48A-BDEE-4331-8949-3E9D53B73230}"
EndProject
Project("{FAE04EC0-301F-11D3-BF4B-00C04F79EFBC}") = "Persistence", "Persistence\Persistence.csproj", "{D56FCD34-1FFA-4D3F-A17D-D312D1F58AE0}"
EndProject
Project("{FAE04EC0-301F-11D3-BF4B-00C04F79EFBC}") = "RESTful", "RESTful\RESTful.csproj", "{78E0BCBC-629A-4ACB-AE10-7CEAC9F3E37E}"
EndProject
Global
	GlobalSection(SolutionConfigurationPlatforms) = preSolution
		Debug|Any CPU = Debug|Any CPU
		Release|Any CPU = Release|Any CPU
	EndGlobalSection
	GlobalSection(ProjectConfigurationPlatforms) = postSolution
		{D56FCD34-1FFA-4D3F-A17D-D312D1F58AE0}.Debug|Any CPU.ActiveCfg = Debug|Any CPU
		{D56FCD34-1FFA-4D3F-A17D-D312D1F58AE0}.Debug|Any CPU.Build.0 = Debug|Any CPU
		{D56FCD34-1FFA-4D3F-A17D-D312D1F58AE0}.Release|Any CPU.ActiveCfg = Release|Any CPU
		{D56FCD34-1FFA-4D3F-A17D-D312D1F58AE0}.Release|Any CPU.Build.0 = Release|Any CPU
		{78E0BCBC-629A-4ACB-AE10-7CEAC9F3E37E}.Debug|Any CPU.ActiveCfg = Debug|Any CPU
		{78E0BCBC-629A-4ACB-AE10-7CEAC9F3E37E}.Debug|Any CPU.Build.0 = Debug|Any CPU
		{78E0BCBC-629A-4ACB-AE10-7CEAC9F3E37E}.Release|Any CPU.ActiveCfg = Release|Any CPU
		{78E0BCBC-629A-4ACB-AE10-7CEAC9F3E37E}.Release|Any CPU.Build.0 = Release|Any CPU
	EndGlobalSection
	GlobalSection(SolutionProperties) = preSolution
		HideSolutionNode = FALSE
	EndGlobalSection
	GlobalSection(NestedProjects) = preSolution
		{D56FCD34-1FFA-4D3F-A17D-D312D1F58AE0} = {8ED3E48A-BDEE-4331-8949-3E9D53B73230}
		{78E0BCBC-629A-4ACB-AE10-7CEAC9F3E37E} = {8ED3E48A-BDEE-4331-8949-3E9D53B73230}
	EndGlobalSection
	GlobalSection(ExtensibilityGlobals) = postSolution
		SolutionGuid = {18EE872A-F8EA-4A9A-A68D-305F24718C2C}
	EndGlobalSection
EndGlobal
